
Microsoft Visual Studio Solution File, Format Version 12.00
# Visual Studio 15
VisualStudioVersion = 15.0.27004.2005
MinimumVisualStudioVersion = 10.0.40219.1
Project("{9A19103F-16F7-4668-BE54-9A1E7A4F7556}") = "DemoOrchestration", "WebApi\DemoOrchestration.csproj", "{ED784533-1E67-469A-9FAD-46698D336DF1}"
EndProject
Global
	GlobalSection(SolutionConfigurationPlatforms) = preSolution
		Debug|Any CPU = Debug|Any CPU
		Release|Any CPU = Release|Any CPU
	EndGlobalSection
	GlobalSection(ProjectConfigurationPlatforms) = postSolution
		{ED784533-1E67-469A-9FAD-46698D336DF1}.Debug|Any CPU.ActiveCfg = Debug|Any CPU
		{ED784533-1E67-469A-9FAD-46698D336DF1}.Debug|Any CPU.Build.0 = Debug|Any CPU
		{ED784533-1E67-469A-9FAD-46698D336DF1}.Release|Any CPU.ActiveCfg = Release|Any CPU
		{ED784533-1E67-469A-9FAD-46698D336DF1}.Release|Any CPU.Build.0 = Release|Any CPU
	EndGlobalSection
	GlobalSection(SolutionProperties) = preSolution
		HideSolutionNode = FALSE
	EndGlobalSection
	GlobalSection(ExtensibilityGlobals) = postSolution
		SolutionGuid = {242D4429-0669-4B91-99CC-9C924E14618E}
	EndGlobalSection
EndGlobal
