
Microsoft Visual Studio Solution File, Format Version 12.00
# Visual Studio 15
VisualStudioVersion = 15.0.27004.2005
MinimumVisualStudioVersion = 10.0.40219.1
Project("{9A19103F-16F7-4668-BE54-9A1E7A4F7556}") = "DemoGranular", "WebApi\DemoGranular.csproj", "{FC80C495-5151-471C-918E-2D691EA0A061}"
EndProject
Global
	GlobalSection(SolutionConfigurationPlatforms) = preSolution
		Debug|Any CPU = Debug|Any CPU
		Release|Any CPU = Release|Any CPU
	EndGlobalSection
	GlobalSection(ProjectConfigurationPlatforms) = postSolution
		{FC80C495-5151-471C-918E-2D691EA0A061}.Debug|Any CPU.ActiveCfg = Debug|Any CPU
		{FC80C495-5151-471C-918E-2D691EA0A061}.Debug|Any CPU.Build.0 = Debug|Any CPU
		{FC80C495-5151-471C-918E-2D691EA0A061}.Release|Any CPU.ActiveCfg = Release|Any CPU
		{FC80C495-5151-471C-918E-2D691EA0A061}.Release|Any CPU.Build.0 = Release|Any CPU
	EndGlobalSection
	GlobalSection(SolutionProperties) = preSolution
		HideSolutionNode = FALSE
	EndGlobalSection
	GlobalSection(ExtensibilityGlobals) = postSolution
		SolutionGuid = {B33BAD5A-30AD-4CC2-B475-1180B4FA3E87}
	EndGlobalSection
EndGlobal
